
Microsoft Visual Studio Solution File, Format Version 12.00
# Visual Studio Version 16
VisualStudioVersion = 16.0.28621.142
MinimumVisualStudioVersion = 10.0.40219.1
Project("{FAE04EC0-301F-11D3-BF4B-00C04F79EFBC}") = "LSFDFR", "LSFDFR\LSFDFR.csproj", "{22074DFF-3EFC-4D01-B3BA-141FD6FCED10}"
EndProject
Global
	GlobalSection(SolutionConfigurationPlatforms) = preSolution
		Debug|Any CPU = Debug|Any CPU
		Release|Any CPU = Release|Any CPU
	EndGlobalSection
	GlobalSection(ProjectConfigurationPlatforms) = postSolution
		{22074DFF-3EFC-4D01-B3BA-141FD6FCED10}.Debug|Any CPU.ActiveCfg = Debug|Any CPU
		{22074DFF-3EFC-4D01-B3BA-141FD6FCED10}.Debug|Any CPU.Build.0 = Debug|Any CPU
		{22074DFF-3EFC-4D01-B3BA-141FD6FCED10}.Release|Any CPU.ActiveCfg = Release|Any CPU
		{22074DFF-3EFC-4D01-B3BA-141FD6FCED10}.Release|Any CPU.Build.0 = Release|Any CPU
	EndGlobalSection
	GlobalSection(SolutionProperties) = preSolution
		HideSolutionNode = FALSE
	EndGlobalSection
	GlobalSection(ExtensibilityGlobals) = postSolution
		SolutionGuid = {5973813B-E5AF-436B-A7F0-CE88525B85B5}
	EndGlobalSection
EndGlobal
